
Microsoft Visual Studio Solution File, Format Version 12.00
# Visual Studio Version 17
VisualStudioVersion = 17.5.33516.290
MinimumVisualStudioVersion = 10.0.40219.1
Project("{9A19103F-16F7-4668-BE54-9A1E7A4F7556}") = "Identity.Api", "Identity.Api\Identity.Api.csproj", "{92783F02-22F0-414F-9740-FB5AF446B606}"
EndProject
Project("{9A19103F-16F7-4668-BE54-9A1E7A4F7556}") = "Identity.Blazor", "Identity.Blazor\Identity.Blazor.csproj", "{9DDC3B60-8C03-4E03-8EC8-A3A56F5282F6}"
EndProject
Global
	GlobalSection(SolutionConfigurationPlatforms) = preSolution
		Debug|Any CPU = Debug|Any CPU
		Release|Any CPU = Release|Any CPU
	EndGlobalSection
	GlobalSection(ProjectConfigurationPlatforms) = postSolution
		{92783F02-22F0-414F-9740-FB5AF446B606}.Debug|Any CPU.ActiveCfg = Debug|Any CPU
		{92783F02-22F0-414F-9740-FB5AF446B606}.Debug|Any CPU.Build.0 = Debug|Any CPU
		{92783F02-22F0-414F-9740-FB5AF446B606}.Release|Any CPU.ActiveCfg = Release|Any CPU
		{92783F02-22F0-414F-9740-FB5AF446B606}.Release|Any CPU.Build.0 = Release|Any CPU
		{9DDC3B60-8C03-4E03-8EC8-A3A56F5282F6}.Debug|Any CPU.ActiveCfg = Debug|Any CPU
		{9DDC3B60-8C03-4E03-8EC8-A3A56F5282F6}.Debug|Any CPU.Build.0 = Debug|Any CPU
		{9DDC3B60-8C03-4E03-8EC8-A3A56F5282F6}.Release|Any CPU.ActiveCfg = Release|Any CPU
		{9DDC3B60-8C03-4E03-8EC8-A3A56F5282F6}.Release|Any CPU.Build.0 = Release|Any CPU
	EndGlobalSection
	GlobalSection(SolutionProperties) = preSolution
		HideSolutionNode = FALSE
	EndGlobalSection
	GlobalSection(ExtensibilityGlobals) = postSolution
		SolutionGuid = {D41DCFF5-B9DD-472A-92B1-94DCA669FA30}
	EndGlobalSection
EndGlobal
